
Microsoft Visual Studio Solution File, Format Version 12.00
# Visual Studio 15
VisualStudioVersion = 15.0.28307.489
MinimumVisualStudioVersion = 10.0.40219.1
Project("{FAE04EC0-301F-11D3-BF4B-00C04F79EFBC}") = "OnlineEducationPortal", "OnlineEducationPortal\OnlineEducationPortal.csproj", "{CA1F246F-1FBD-462C-8CF7-080B052191F8}"
EndProject
Global
	GlobalSection(SolutionConfigurationPlatforms) = preSolution
		Debug|Any CPU = Debug|Any CPU
		Release|Any CPU = Release|Any CPU
	EndGlobalSection
	GlobalSection(ProjectConfigurationPlatforms) = postSolution
		{CA1F246F-1FBD-462C-8CF7-080B052191F8}.Debug|Any CPU.ActiveCfg = Debug|Any CPU
		{CA1F246F-1FBD-462C-8CF7-080B052191F8}.Debug|Any CPU.Build.0 = Debug|Any CPU
		{CA1F246F-1FBD-462C-8CF7-080B052191F8}.Release|Any CPU.ActiveCfg = Release|Any CPU
		{CA1F246F-1FBD-462C-8CF7-080B052191F8}.Release|Any CPU.Build.0 = Release|Any CPU
	EndGlobalSection
	GlobalSection(SolutionProperties) = preSolution
		HideSolutionNode = FALSE
	EndGlobalSection
	GlobalSection(ExtensibilityGlobals) = postSolution
		SolutionGuid = {82364E23-BCF3-4B93-9F65-B64ED307A052}
	EndGlobalSection
EndGlobal
